<?xml version="1.0" encoding="utf-8"?>
<Project ToolsVersion="4.0" xmlns="http://schemas.microsoft.com/developer/msbuild/2003">
  <ItemGroup>
    <ClCompile Include="pch.cpp">
      <Filter>Header</Filter>
    </ClCompile>
    <ClCompile Include="try_catch_Ex.cpp">
      <Filter>Exception</Filter>
    </ClCompile>
    <ClCompile Include="constructor.cpp">
      <Filter>Class</Filter>
    </ClCompile>
    <ClCompile Include="constexpr.cpp">
      <Filter>Constexpr</Filter>
    </ClCompile>
    <ClCompile Include="compare_compile_time_func.cpp">
      <Filter>Constexpr</Filter>
    </ClCompile>
    <ClCompile Include="inheritance.cpp">
      <Filter>Class</Filter>
    </ClCompile>
    <ClCompile Include="virtual.cpp">
      <Filter>Class</Filter>
    </ClCompile>
    <ClCompile Include="diamond_case.cpp">
      <Filter>Class</Filter>
    </ClCompile>
    <ClCompile Include="template.cpp">
      <Filter>Generic</Filter>
    </ClCompile>
    <ClCompile Include="synthesize_member.cpp">
      <Filter>Class</Filter>
    </ClCompile>
    <ClCompile Include="oifstream.cpp">
      <Filter>Stream</Filter>
    </ClCompile>
    <ClCompile Include="stream_manipulator.cpp">
      <Filter>Stream</Filter>
    </ClCompile>
    <ClCompile Include="stream_state.cpp">
      <Filter>Stream</Filter>
    </ClCompile>
    <ClCompile Include="string_stream.cpp">
      <Filter>Stream</Filter>
    </ClCompile>
    <ClCompile Include="unbuffered_io.cpp">
      <Filter>Stream</Filter>
    </ClCompile>
    <ClCompile Include="string.cpp">
      <Filter>String</Filter>
    </ClCompile>
    <ClCompile Include="non_mf_vs_mf.cpp">
      <Filter>Operator</Filter>
    </ClCompile>
    <ClCompile Include="init_declareation.cpp">
      <Filter>Init-Declare</Filter>
    </ClCompile>
    <ClCompile Include="function_operator.cpp">
      <Filter>Operator</Filter>
    </ClCompile>
    <ClCompile Include="unique_ptr.cpp">
      <Filter>Smart Pointer</Filter>
    </ClCompile>
    <ClCompile Include="lvalue-rvalue.cpp">
      <Filter>Move</Filter>
    </ClCompile>
    <ClCompile Include="move_operator.cpp">
      <Filter>Move</Filter>
    </ClCompile>
    <ClCompile Include="move_operator_with_raii.cpp">
      <Filter>Move</Filter>
    </ClCompile>
    <ClCompile Include="move_only_class.cpp">
      <Filter>Move</Filter>
    </ClCompile>
    <ClCompile Include="perfect-forwarding.cpp">
      <Filter>Move</Filter>
    </ClCompile>
    <ClCompile Include="unique_ptr_and_polymorphism.cpp">
      <Filter>Smart Pointer</Filter>
    </ClCompile>
    <ClCompile Include="unique_ptr_custom_deleter.cpp">
      <Filter>Smart Pointer</Filter>
    </ClCompile>
    <ClCompile Include="handle_body_pattern.cpp">
      <Filter>Smart Pointer\Design Pattern</Filter>
    </ClCompile>
    <ClCompile Include="HandleDate.cpp">
      <Filter>Smart Pointer\Design Pattern\Handle</Filter>
    </ClCompile>
    <ClCompile Include="Date.cpp">
      <Filter>Smart Pointer\Design Pattern\Body</Filter>
    </ClCompile>
    <ClCompile Include="RefCounter.cpp">
      <Filter>Smart Pointer\Ref-Counter</Filter>
    </ClCompile>
    <ClCompile Include="SharedClass.cpp">
      <Filter>Smart Pointer\Ref-Counter</Filter>
    </ClCompile>
    <ClCompile Include="test_ref_counter.cpp">
      <Filter>Smart Pointer</Filter>
    </ClCompile>
  </ItemGroup>
  <ItemGroup>
    <Filter Include="Header">
      <UniqueIdentifier>{0008b22c-2ef1-49fd-8db7-baf3d69f552e}</UniqueIdentifier>
    </Filter>
    <Filter Include="Exception">
      <UniqueIdentifier>{562271db-328f-4fb2-a6fe-57339ca0ebf6}</UniqueIdentifier>
    </Filter>
    <Filter Include="Class">
      <UniqueIdentifier>{1eb5130e-a886-42f2-a182-361e6e608ff0}</UniqueIdentifier>
    </Filter>
    <Filter Include="Constexpr">
      <UniqueIdentifier>{a4015954-ac93-4c7b-90b3-316ab172b8bc}</UniqueIdentifier>
    </Filter>
    <Filter Include="Generic">
      <UniqueIdentifier>{b609a51a-7bef-4f38-93b2-dd986c20d312}</UniqueIdentifier>
    </Filter>
    <Filter Include="Stream">
      <UniqueIdentifier>{3683f3dd-688b-4825-bae0-665ae6a45f90}</UniqueIdentifier>
    </Filter>
    <Filter Include="String">
      <UniqueIdentifier>{32e0a99f-2ab2-4903-a991-db6bda762772}</UniqueIdentifier>
    </Filter>
    <Filter Include="Operator">
      <UniqueIdentifier>{b858b097-9b46-4ecd-8ee2-8319eb2176ce}</UniqueIdentifier>
    </Filter>
    <Filter Include="Init-Declare">
      <UniqueIdentifier>{f452d005-59ae-4d3b-a952-9333d2bd4376}</UniqueIdentifier>
    </Filter>
    <Filter Include="Algorithm Header">
      <UniqueIdentifier>{c28b75a5-17e8-4aa3-9172-6480a38dcf99}</UniqueIdentifier>
    </Filter>
    <Filter Include="Move">
      <UniqueIdentifier>{b9542c4a-5623-44bf-96f7-bc0e846757da}</UniqueIdentifier>
    </Filter>
    <Filter Include="Smart Pointer">
      <UniqueIdentifier>{68535f49-1611-44a4-a7b2-772e364602f5}</UniqueIdentifier>
    </Filter>
    <Filter Include="Smart Pointer\Design Pattern">
      <UniqueIdentifier>{99cb4b80-2933-4419-8b52-7afbe8155fab}</UniqueIdentifier>
    </Filter>
    <Filter Include="Smart Pointer\Design Pattern\Handle">
      <UniqueIdentifier>{551fb749-c7be-4985-b04f-d1a7e809fe82}</UniqueIdentifier>
    </Filter>
    <Filter Include="Smart Pointer\Design Pattern\Body">
      <UniqueIdentifier>{83df37bc-6bbe-4b43-bb10-5e513182b5c6}</UniqueIdentifier>
    </Filter>
    <Filter Include="Smart Pointer\Ref-Counter">
      <UniqueIdentifier>{476e5f7e-7816-4cb1-b8e3-6ce3b0876134}</UniqueIdentifier>
    </Filter>
  </ItemGroup>
  <ItemGroup>
    <ClInclude Include="pch.h">
      <Filter>Header</Filter>
    </ClInclude>
    <ClInclude Include="HandleDate.h">
      <Filter>Smart Pointer\Design Pattern\Handle</Filter>
    </ClInclude>
    <ClInclude Include="Date.h">
      <Filter>Smart Pointer\Design Pattern\Body</Filter>
    </ClInclude>
    <ClInclude Include="RefCounter.h">
      <Filter>Smart Pointer\Ref-Counter</Filter>
    </ClInclude>
    <ClInclude Include="SharedClass.h">
      <Filter>Smart Pointer\Ref-Counter</Filter>
    </ClInclude>
  </ItemGroup>
</Project>