<?xml version="1.0" encoding="utf-8"?>
<Project ToolsVersion="4.0" xmlns="http://schemas.microsoft.com/developer/msbuild/2003">
  <ItemGroup>
    <ClCompile Include="pch.cpp">
      <Filter>Header</Filter>
    </ClCompile>
    <ClCompile Include="try_catch_Ex.cpp">
      <Filter>Exception</Filter>
    </ClCompile>
    <ClCompile Include="constructor.cpp">
      <Filter>Class</Filter>
    </ClCompile>
    <ClCompile Include="constexpr.cpp">
      <Filter>Constexpr</Filter>
    </ClCompile>
    <ClCompile Include="compare_compile_time_func.cpp">
      <Filter>Constexpr</Filter>
    </ClCompile>
    <ClCompile Include="inheritance.cpp">
      <Filter>Class</Filter>
    </ClCompile>
    <ClCompile Include="virtual.cpp">
      <Filter>Class</Filter>
    </ClCompile>
    <ClCompile Include="diamond_case.cpp">
      <Filter>Class</Filter>
    </ClCompile>
    <ClCompile Include="template.cpp">
      <Filter>Generic</Filter>
    </ClCompile>
  </ItemGroup>
  <ItemGroup>
    <Filter Include="Header">
      <UniqueIdentifier>{0008b22c-2ef1-49fd-8db7-baf3d69f552e}</UniqueIdentifier>
    </Filter>
    <Filter Include="Exception">
      <UniqueIdentifier>{562271db-328f-4fb2-a6fe-57339ca0ebf6}</UniqueIdentifier>
    </Filter>
    <Filter Include="Class">
      <UniqueIdentifier>{1eb5130e-a886-42f2-a182-361e6e608ff0}</UniqueIdentifier>
    </Filter>
    <Filter Include="Constexpr">
      <UniqueIdentifier>{a4015954-ac93-4c7b-90b3-316ab172b8bc}</UniqueIdentifier>
    </Filter>
    <Filter Include="Generic">
      <UniqueIdentifier>{b609a51a-7bef-4f38-93b2-dd986c20d312}</UniqueIdentifier>
    </Filter>
  </ItemGroup>
  <ItemGroup>
    <ClInclude Include="pch.h">
      <Filter>Header</Filter>
    </ClInclude>
  </ItemGroup>
</Project>